// !$*UTF8*$!
{
	archiveVersion = 1;
	classes = {
	};
	objectVersion = 50;
	objects = {

/* Begin PBXBuildFile section */
		4933C1872314214D00965996 /* Constants.swift in Sources */ = {isa = PBXBuildFile; fileRef = 4933C1862314214D00965996 /* Constants.swift */; };
		4933C1912314271A00965996 /* ARViewController.swift in Sources */ = {isa = PBXBuildFile; fileRef = 4933C1902314271A00965996 /* ARViewController.swift */; };
		4933C1952314349400965996 /* TreasureFound.swift in Sources */ = {isa = PBXBuildFile; fileRef = 4933C1942314349400965996 /* TreasureFound.swift */; };
		4933C198231437B700965996 /* ARGameSceneView.swift in Sources */ = {isa = PBXBuildFile; fileRef = 4933C197231437B700965996 /* ARGameSceneView.swift */; };
		4933C19D231438B600965996 /* HidingTreasure.swift in Sources */ = {isa = PBXBuildFile; fileRef = 4933C19C231438B600965996 /* HidingTreasure.swift */; };
		4933C19F2314392D00965996 /* LookingForTreasure.swift in Sources */ = {isa = PBXBuildFile; fileRef = 4933C19E2314392D00965996 /* LookingForTreasure.swift */; };
		4933C1A12315579B00965996 /* MappingLost.swift in Sources */ = {isa = PBXBuildFile; fileRef = 4933C1A02315579B00965996 /* MappingLost.swift */; };
		4933C1A3231558D900965996 /* GameNotStarted.swift in Sources */ = {isa = PBXBuildFile; fileRef = 4933C1A2231558D900965996 /* GameNotStarted.swift */; };
		4933C1A5231564CC00965996 /* CameraNotAuthorized.swift in Sources */ = {isa = PBXBuildFile; fileRef = 4933C1A4231564CC00965996 /* CameraNotAuthorized.swift */; };
		4933C1A72315660A00965996 /* AddingTrailClue.swift in Sources */ = {isa = PBXBuildFile; fileRef = 4933C1A62315660A00965996 /* AddingTrailClue.swift */; };
		4933C1A92315661A00965996 /* AddingSignClue.swift in Sources */ = {isa = PBXBuildFile; fileRef = 4933C1A82315661A00965996 /* AddingSignClue.swift */; };
		4933C1AB2315662600965996 /* AddingTextClue.swift in Sources */ = {isa = PBXBuildFile; fileRef = 4933C1AA2315662600965996 /* AddingTextClue.swift */; };
		4933C1AD2315693700965996 /* TreasureHidden.swift in Sources */ = {isa = PBXBuildFile; fileRef = 4933C1AC2315693700965996 /* TreasureHidden.swift */; };
		4933C1AF23169E4D00965996 /* NodeType.swift in Sources */ = {isa = PBXBuildFile; fileRef = 4933C1AE23169E4D00965996 /* NodeType.swift */; };
		493CE99B230D714800E43B35 /* AppDelegate.swift in Sources */ = {isa = PBXBuildFile; fileRef = 493CE99A230D714800E43B35 /* AppDelegate.swift */; };
		493CE99D230D714800E43B35 /* ViewController.swift in Sources */ = {isa = PBXBuildFile; fileRef = 493CE99C230D714800E43B35 /* ViewController.swift */; };
		493CE9A3230D714800E43B35 /* TreasureHunt.xcdatamodeld in Sources */ = {isa = PBXBuildFile; fileRef = 493CE9A1230D714800E43B35 /* TreasureHunt.xcdatamodeld */; };
		493CE9A5230D714900E43B35 /* Assets.xcassets in Resources */ = {isa = PBXBuildFile; fileRef = 493CE9A4230D714900E43B35 /* Assets.xcassets */; };
		493CE9B3230D714900E43B35 /* TreasureHuntTests.swift in Sources */ = {isa = PBXBuildFile; fileRef = 493CE9B2230D714900E43B35 /* TreasureHuntTests.swift */; };
		493CE9BE230D714900E43B35 /* TreasureHuntUITests.swift in Sources */ = {isa = PBXBuildFile; fileRef = 493CE9BD230D714900E43B35 /* TreasureHuntUITests.swift */; };
		493CE9CF230D71CC00E43B35 /* big_noodle_titling_oblique.ttf in Resources */ = {isa = PBXBuildFile; fileRef = 493CE9CD230D71C400E43B35 /* big_noodle_titling_oblique.ttf */; };
		493CE9D0230D71CF00E43B35 /* big_noodle_titling.ttf in Resources */ = {isa = PBXBuildFile; fileRef = 493CE9CE230D71C400E43B35 /* big_noodle_titling.ttf */; };
		493CE9D2230D71FC00E43B35 /* DistanceService.swift in Sources */ = {isa = PBXBuildFile; fileRef = 493CE9D1230D71FC00E43B35 /* DistanceService.swift */; };
		493CE9D4230D720300E43B35 /* ARNode.swift in Sources */ = {isa = PBXBuildFile; fileRef = 493CE9D3230D720300E43B35 /* ARNode.swift */; };
		493CE9DA230D734A00E43B35 /* LaunchScreen.storyboard in Resources */ = {isa = PBXBuildFile; fileRef = 493CE9D9230D734900E43B35 /* LaunchScreen.storyboard */; };
		493CE9E8230D742600E43B35 /* bensound-sunny.mp3 in Resources */ = {isa = PBXBuildFile; fileRef = 493CE9DC230D742600E43B35 /* bensound-sunny.mp3 */; };
		493CE9F4230D747C00E43B35 /* Main.storyboard in Resources */ = {isa = PBXBuildFile; fileRef = 493CE9F3230D747C00E43B35 /* Main.storyboard */; };
		493CEA00230D7AF600E43B35 /* woodplank 4 baked colourseta.png in Resources */ = {isa = PBXBuildFile; fileRef = 493CE9F6230D7AF600E43B35 /* woodplank 4 baked colourseta.png */; };
		493CEA01230D7AF600E43B35 /* placareal.dae in Resources */ = {isa = PBXBuildFile; fileRef = 493CE9F7230D7AF600E43B35 /* placareal.dae */; };
		493CEA02230D7AF600E43B35 /* xis.scn in Resources */ = {isa = PBXBuildFile; fileRef = 493CE9F8230D7AF600E43B35 /* xis.scn */; };
		493CEA03230D7AF600E43B35 /* trilhamadeira.scn in Resources */ = {isa = PBXBuildFile; fileRef = 493CE9F9230D7AF600E43B35 /* trilhamadeira.scn */; };
		493CEA04230D7AF600E43B35 /* placaleft.scn in Resources */ = {isa = PBXBuildFile; fileRef = 493CE9FA230D7AF600E43B35 /* placaleft.scn */; };
		493CEA05230D7AF600E43B35 /* xis-baked.001.png in Resources */ = {isa = PBXBuildFile; fileRef = 493CE9FB230D7AF600E43B35 /* xis-baked.001.png */; };
		493CEA06230D7AF600E43B35 /* torabaked.png in Resources */ = {isa = PBXBuildFile; fileRef = 493CE9FC230D7AF600E43B35 /* torabaked.png */; };
		493CEA07230D7AF600E43B35 /* xis.dae in Resources */ = {isa = PBXBuildFile; fileRef = 493CE9FD230D7AF600E43B35 /* xis.dae */; };
		493CEA08230D7AF600E43B35 /* placaright.scn in Resources */ = {isa = PBXBuildFile; fileRef = 493CE9FE230D7AF600E43B35 /* placaright.scn */; };
		493CEA09230D7AF600E43B35 /* scroll.scn in Resources */ = {isa = PBXBuildFile; fileRef = 493CE9FF230D7AF600E43B35 /* scroll.scn */; };
		75D434BF4F544B5BF7D0C844 /* Pods_TreasureHunt.framework in Frameworks */ = {isa = PBXBuildFile; fileRef = D708D2D00F78018919CF46ED /* Pods_TreasureHunt.framework */; };
		89AC0582978D723E14E6A367 /* Pods_TreasureHuntTests.framework in Frameworks */ = {isa = PBXBuildFile; fileRef = 4A788A7D387B66BE9A8D3A2D /* Pods_TreasureHuntTests.framework */; };
		AC970136717A7CE2FB5FFA7A /* Pods_TreasureHuntUITests.framework in Frameworks */ = {isa = PBXBuildFile; fileRef = 52FB52027F73ADE9FB186BD0 /* Pods_TreasureHuntUITests.framework */; };
/* End PBXBuildFile section */

/* Begin PBXContainerItemProxy section */
		493CE9AF230D714900E43B35 /* PBXContainerItemProxy */ = {
			isa = PBXContainerItemProxy;
			containerPortal = 493CE98F230D714800E43B35 /* Project object */;
			proxyType = 1;
			remoteGlobalIDString = 493CE996230D714800E43B35;
			remoteInfo = TreasureHunt;
		};
		493CE9BA230D714900E43B35 /* PBXContainerItemProxy */ = {
			isa = PBXContainerItemProxy;
			containerPortal = 493CE98F230D714800E43B35 /* Project object */;
			proxyType = 1;
			remoteGlobalIDString = 493CE996230D714800E43B35;
			remoteInfo = TreasureHunt;
		};
/* End PBXContainerItemProxy section */

/* Begin PBXFileReference section */
		22575E746C3489F4714F8B23 /* Pods-TreasureHunt.debug.xcconfig */ = {isa = PBXFileReference; includeInIndex = 1; lastKnownFileType = text.xcconfig; name = "Pods-TreasureHunt.debug.xcconfig"; path = "Target Support Files/Pods-TreasureHunt/Pods-TreasureHunt.debug.xcconfig"; sourceTree = "<group>"; };
		4933C1862314214D00965996 /* Constants.swift */ = {isa = PBXFileReference; lastKnownFileType = sourcecode.swift; path = Constants.swift; sourceTree = "<group>"; };
		4933C1902314271A00965996 /* ARViewController.swift */ = {isa = PBXFileReference; lastKnownFileType = sourcecode.swift; path = ARViewController.swift; sourceTree = "<group>"; };
		4933C1942314349400965996 /* TreasureFound.swift */ = {isa = PBXFileReference; lastKnownFileType = sourcecode.swift; path = TreasureFound.swift; sourceTree = "<group>"; };
		4933C197231437B700965996 /* ARGameSceneView.swift */ = {isa = PBXFileReference; lastKnownFileType = sourcecode.swift; path = ARGameSceneView.swift; sourceTree = "<group>"; };
		4933C19C231438B600965996 /* HidingTreasure.swift */ = {isa = PBXFileReference; lastKnownFileType = sourcecode.swift; path = HidingTreasure.swift; sourceTree = "<group>"; };
		4933C19E2314392D00965996 /* LookingForTreasure.swift */ = {isa = PBXFileReference; lastKnownFileType = sourcecode.swift; path = LookingForTreasure.swift; sourceTree = "<group>"; };
		4933C1A02315579B00965996 /* MappingLost.swift */ = {isa = PBXFileReference; lastKnownFileType = sourcecode.swift; path = MappingLost.swift; sourceTree = "<group>"; };
		4933C1A2231558D900965996 /* GameNotStarted.swift */ = {isa = PBXFileReference; lastKnownFileType = sourcecode.swift; path = GameNotStarted.swift; sourceTree = "<group>"; };
		4933C1A4231564CC00965996 /* CameraNotAuthorized.swift */ = {isa = PBXFileReference; lastKnownFileType = sourcecode.swift; path = CameraNotAuthorized.swift; sourceTree = "<group>"; };
		4933C1A62315660A00965996 /* AddingTrailClue.swift */ = {isa = PBXFileReference; lastKnownFileType = sourcecode.swift; path = AddingTrailClue.swift; sourceTree = "<group>"; };
		4933C1A82315661A00965996 /* AddingSignClue.swift */ = {isa = PBXFileReference; lastKnownFileType = sourcecode.swift; path = AddingSignClue.swift; sourceTree = "<group>"; };
		4933C1AA2315662600965996 /* AddingTextClue.swift */ = {isa = PBXFileReference; lastKnownFileType = sourcecode.swift; path = AddingTextClue.swift; sourceTree = "<group>"; };
		4933C1AC2315693700965996 /* TreasureHidden.swift */ = {isa = PBXFileReference; lastKnownFileType = sourcecode.swift; path = TreasureHidden.swift; sourceTree = "<group>"; };
		4933C1AE23169E4D00965996 /* NodeType.swift */ = {isa = PBXFileReference; lastKnownFileType = sourcecode.swift; path = NodeType.swift; sourceTree = "<group>"; };
		493CE997230D714800E43B35 /* TreasureHunt.app */ = {isa = PBXFileReference; explicitFileType = wrapper.application; includeInIndex = 0; path = TreasureHunt.app; sourceTree = BUILT_PRODUCTS_DIR; };
		493CE99A230D714800E43B35 /* AppDelegate.swift */ = {isa = PBXFileReference; lastKnownFileType = sourcecode.swift; path = AppDelegate.swift; sourceTree = "<group>"; };
		493CE99C230D714800E43B35 /* ViewController.swift */ = {isa = PBXFileReference; lastKnownFileType = sourcecode.swift; path = ViewController.swift; sourceTree = "<group>"; };
		493CE9A2230D714800E43B35 /* TreasureHunt.xcdatamodel */ = {isa = PBXFileReference; lastKnownFileType = wrapper.xcdatamodel; path = TreasureHunt.xcdatamodel; sourceTree = "<group>"; };
		493CE9A4230D714900E43B35 /* Assets.xcassets */ = {isa = PBXFileReference; lastKnownFileType = folder.assetcatalog; path = Assets.xcassets; sourceTree = "<group>"; };
		493CE9A9230D714900E43B35 /* Info.plist */ = {isa = PBXFileReference; lastKnownFileType = text.plist.xml; path = Info.plist; sourceTree = "<group>"; };
		493CE9AE230D714900E43B35 /* TreasureHuntTests.xctest */ = {isa = PBXFileReference; explicitFileType = wrapper.cfbundle; includeInIndex = 0; path = TreasureHuntTests.xctest; sourceTree = BUILT_PRODUCTS_DIR; };
		493CE9B2230D714900E43B35 /* TreasureHuntTests.swift */ = {isa = PBXFileReference; lastKnownFileType = sourcecode.swift; path = TreasureHuntTests.swift; sourceTree = "<group>"; };
		493CE9B4230D714900E43B35 /* Info.plist */ = {isa = PBXFileReference; lastKnownFileType = text.plist.xml; path = Info.plist; sourceTree = "<group>"; };
		493CE9B9230D714900E43B35 /* TreasureHuntUITests.xctest */ = {isa = PBXFileReference; explicitFileType = wrapper.cfbundle; includeInIndex = 0; path = TreasureHuntUITests.xctest; sourceTree = BUILT_PRODUCTS_DIR; };
		493CE9BD230D714900E43B35 /* TreasureHuntUITests.swift */ = {isa = PBXFileReference; lastKnownFileType = sourcecode.swift; path = TreasureHuntUITests.swift; sourceTree = "<group>"; };
		493CE9BF230D714900E43B35 /* Info.plist */ = {isa = PBXFileReference; lastKnownFileType = text.plist.xml; path = Info.plist; sourceTree = "<group>"; };
		493CE9CD230D71C400E43B35 /* big_noodle_titling_oblique.ttf */ = {isa = PBXFileReference; lastKnownFileType = file; path = big_noodle_titling_oblique.ttf; sourceTree = "<group>"; };
		493CE9CE230D71C400E43B35 /* big_noodle_titling.ttf */ = {isa = PBXFileReference; lastKnownFileType = file; path = big_noodle_titling.ttf; sourceTree = "<group>"; };
		493CE9D1230D71FC00E43B35 /* DistanceService.swift */ = {isa = PBXFileReference; fileEncoding = 4; lastKnownFileType = sourcecode.swift; path = DistanceService.swift; sourceTree = "<group>"; };
		493CE9D3230D720300E43B35 /* ARNode.swift */ = {isa = PBXFileReference; fileEncoding = 4; lastKnownFileType = sourcecode.swift; path = ARNode.swift; sourceTree = "<group>"; };
		493CE9D9230D734900E43B35 /* LaunchScreen.storyboard */ = {isa = PBXFileReference; fileEncoding = 4; lastKnownFileType = file.storyboard; path = LaunchScreen.storyboard; sourceTree = "<group>"; };
		493CE9DC230D742600E43B35 /* bensound-sunny.mp3 */ = {isa = PBXFileReference; lastKnownFileType = audio.mp3; path = "bensound-sunny.mp3"; sourceTree = "<group>"; };
		493CE9F3230D747C00E43B35 /* Main.storyboard */ = {isa = PBXFileReference; fileEncoding = 4; lastKnownFileType = file.storyboard; path = Main.storyboard; sourceTree = "<group>"; };
		493CE9F6230D7AF600E43B35 /* woodplank 4 baked colourseta.png */ = {isa = PBXFileReference; lastKnownFileType = image.png; path = "woodplank 4 baked colourseta.png"; sourceTree = "<group>"; };
		493CE9F7230D7AF600E43B35 /* placareal.dae */ = {isa = PBXFileReference; fileEncoding = 4; lastKnownFileType = text.xml.dae; path = placareal.dae; sourceTree = "<group>"; };
		493CE9F8230D7AF600E43B35 /* xis.scn */ = {isa = PBXFileReference; lastKnownFileType = file.bplist; path = xis.scn; sourceTree = "<group>"; };
		493CE9F9230D7AF600E43B35 /* trilhamadeira.scn */ = {isa = PBXFileReference; lastKnownFileType = file.bplist; path = trilhamadeira.scn; sourceTree = "<group>"; };
		493CE9FA230D7AF600E43B35 /* placaleft.scn */ = {isa = PBXFileReference; lastKnownFileType = file.bplist; path = placaleft.scn; sourceTree = "<group>"; };
		493CE9FB230D7AF600E43B35 /* xis-baked.001.png */ = {isa = PBXFileReference; lastKnownFileType = image.png; path = "xis-baked.001.png"; sourceTree = "<group>"; };
		493CE9FC230D7AF600E43B35 /* torabaked.png */ = {isa = PBXFileReference; lastKnownFileType = image.png; path = torabaked.png; sourceTree = "<group>"; };
		493CE9FD230D7AF600E43B35 /* xis.dae */ = {isa = PBXFileReference; fileEncoding = 4; lastKnownFileType = text.xml.dae; path = xis.dae; sourceTree = "<group>"; };
		493CE9FE230D7AF600E43B35 /* placaright.scn */ = {isa = PBXFileReference; lastKnownFileType = file.bplist; path = placaright.scn; sourceTree = "<group>"; };
		493CE9FF230D7AF600E43B35 /* scroll.scn */ = {isa = PBXFileReference; lastKnownFileType = file.bplist; path = scroll.scn; sourceTree = "<group>"; };
		4A788A7D387B66BE9A8D3A2D /* Pods_TreasureHuntTests.framework */ = {isa = PBXFileReference; explicitFileType = wrapper.framework; includeInIndex = 0; path = Pods_TreasureHuntTests.framework; sourceTree = BUILT_PRODUCTS_DIR; };
		52FB52027F73ADE9FB186BD0 /* Pods_TreasureHuntUITests.framework */ = {isa = PBXFileReference; explicitFileType = wrapper.framework; includeInIndex = 0; path = Pods_TreasureHuntUITests.framework; sourceTree = BUILT_PRODUCTS_DIR; };
		9F6A162A96C303EFB83DA9C4 /* Pods-TreasureHuntUITests.debug.xcconfig */ = {isa = PBXFileReference; includeInIndex = 1; lastKnownFileType = text.xcconfig; name = "Pods-TreasureHuntUITests.debug.xcconfig"; path = "Target Support Files/Pods-TreasureHuntUITests/Pods-TreasureHuntUITests.debug.xcconfig"; sourceTree = "<group>"; };
		A06EBE2303F8678F0B7B31E9 /* Pods-TreasureHuntUITests.release.xcconfig */ = {isa = PBXFileReference; includeInIndex = 1; lastKnownFileType = text.xcconfig; name = "Pods-TreasureHuntUITests.release.xcconfig"; path = "Target Support Files/Pods-TreasureHuntUITests/Pods-TreasureHuntUITests.release.xcconfig"; sourceTree = "<group>"; };
		A4B4A3F75F1BA666D29C52D2 /* Pods-TreasureHuntTests.release.xcconfig */ = {isa = PBXFileReference; includeInIndex = 1; lastKnownFileType = text.xcconfig; name = "Pods-TreasureHuntTests.release.xcconfig"; path = "Target Support Files/Pods-TreasureHuntTests/Pods-TreasureHuntTests.release.xcconfig"; sourceTree = "<group>"; };
		BD1836DD286A8AC92B7AD3DD /* Pods-TreasureHunt.release.xcconfig */ = {isa = PBXFileReference; includeInIndex = 1; lastKnownFileType = text.xcconfig; name = "Pods-TreasureHunt.release.xcconfig"; path = "Target Support Files/Pods-TreasureHunt/Pods-TreasureHunt.release.xcconfig"; sourceTree = "<group>"; };
		C80CB7C5B3B049638BBF1953 /* Pods-TreasureHuntTests.debug.xcconfig */ = {isa = PBXFileReference; includeInIndex = 1; lastKnownFileType = text.xcconfig; name = "Pods-TreasureHuntTests.debug.xcconfig"; path = "Target Support Files/Pods-TreasureHuntTests/Pods-TreasureHuntTests.debug.xcconfig"; sourceTree = "<group>"; };
		D708D2D00F78018919CF46ED /* Pods_TreasureHunt.framework */ = {isa = PBXFileReference; explicitFileType = wrapper.framework; includeInIndex = 0; path = Pods_TreasureHunt.framework; sourceTree = BUILT_PRODUCTS_DIR; };
/* End PBXFileReference section */

/* Begin PBXFrameworksBuildPhase section */
		493CE994230D714800E43B35 /* Frameworks */ = {
			isa = PBXFrameworksBuildPhase;
			buildActionMask = 2147483647;
			files = (
				75D434BF4F544B5BF7D0C844 /* Pods_TreasureHunt.framework in Frameworks */,
			);
			runOnlyForDeploymentPostprocessing = 0;
		};
		493CE9AB230D714900E43B35 /* Frameworks */ = {
			isa = PBXFrameworksBuildPhase;
			buildActionMask = 2147483647;
			files = (
				89AC0582978D723E14E6A367 /* Pods_TreasureHuntTests.framework in Frameworks */,
			);
			runOnlyForDeploymentPostprocessing = 0;
		};
		493CE9B6230D714900E43B35 /* Frameworks */ = {
			isa = PBXFrameworksBuildPhase;
			buildActionMask = 2147483647;
			files = (
				AC970136717A7CE2FB5FFA7A /* Pods_TreasureHuntUITests.framework in Frameworks */,
			);
			runOnlyForDeploymentPostprocessing = 0;
		};
/* End PBXFrameworksBuildPhase section */

/* Begin PBXGroup section */
		4933C183231420FA00965996 /* Model */ = {
			isa = PBXGroup;
			children = (
				4933C1932314347700965996 /* Game State Machine */,
				493CE9D3230D720300E43B35 /* ARNode.swift */,
				493CE9D1230D71FC00E43B35 /* DistanceService.swift */,
				4933C1862314214D00965996 /* Constants.swift */,
				4933C1AE23169E4D00965996 /* NodeType.swift */,
			);
			path = Model;
			sourceTree = "<group>";
		};
		4933C1842314210600965996 /* View */ = {
			isa = PBXGroup;
			children = (
				493CE9F3230D747C00E43B35 /* Main.storyboard */,
				493CE9D9230D734900E43B35 /* LaunchScreen.storyboard */,
				4933C197231437B700965996 /* ARGameSceneView.swift */,
			);
			path = View;
			sourceTree = "<group>";
		};
		4933C1852314210C00965996 /* Controller */ = {
			isa = PBXGroup;
			children = (
				493CE99C230D714800E43B35 /* ViewController.swift */,
				4933C1902314271A00965996 /* ARViewController.swift */,
			);
			path = Controller;
			sourceTree = "<group>";
		};
		4933C18F2314262700965996 /* Support files */ = {
			isa = PBXGroup;
			children = (
				493CE9CB230D71A000E43B35 /* Resources */,
				493CE99A230D714800E43B35 /* AppDelegate.swift */,
				493CE9A1230D714800E43B35 /* TreasureHunt.xcdatamodeld */,
			);
			path = "Support files";
			sourceTree = "<group>";
		};
		4933C1932314347700965996 /* Game State Machine */ = {
			isa = PBXGroup;
			children = (
				4933C1992314385100965996 /* Game States */,
			);
			path = "Game State Machine";
			sourceTree = "<group>";
		};
		4933C1992314385100965996 /* Game States */ = {
			isa = PBXGroup;
			children = (
				4933C1A2231558D900965996 /* GameNotStarted.swift */,
				4933C1A4231564CC00965996 /* CameraNotAuthorized.swift */,
				4933C19C231438B600965996 /* HidingTreasure.swift */,
				4933C1AC2315693700965996 /* TreasureHidden.swift */,
				4933C1A62315660A00965996 /* AddingTrailClue.swift */,
				4933C1A82315661A00965996 /* AddingSignClue.swift */,
				4933C1AA2315662600965996 /* AddingTextClue.swift */,
				4933C19E2314392D00965996 /* LookingForTreasure.swift */,
				4933C1942314349400965996 /* TreasureFound.swift */,
				4933C1A02315579B00965996 /* MappingLost.swift */,
			);
			path = "Game States";
			sourceTree = "<group>";
		};
		493CE98E230D714800E43B35 = {
			isa = PBXGroup;
			children = (
				493CE999230D714800E43B35 /* TreasureHunt */,
				493CE9B1230D714900E43B35 /* TreasureHuntTests */,
				493CE9BC230D714900E43B35 /* TreasureHuntUITests */,
				493CE998230D714800E43B35 /* Products */,
				FDF9FE23F70B4DC9532B7AEB /* Pods */,
				E6AEE28BA009F837E6A91CD7 /* Frameworks */,
			);
			sourceTree = "<group>";
		};
		493CE998230D714800E43B35 /* Products */ = {
			isa = PBXGroup;
			children = (
				493CE997230D714800E43B35 /* TreasureHunt.app */,
				493CE9AE230D714900E43B35 /* TreasureHuntTests.xctest */,
				493CE9B9230D714900E43B35 /* TreasureHuntUITests.xctest */,
			);
			name = Products;
			sourceTree = "<group>";
		};
		493CE999230D714800E43B35 /* TreasureHunt */ = {
			isa = PBXGroup;
			children = (
				4933C183231420FA00965996 /* Model */,
				4933C1842314210600965996 /* View */,
				4933C1852314210C00965996 /* Controller */,
				4933C18F2314262700965996 /* Support files */,
				493CE9A9230D714900E43B35 /* Info.plist */,
			);
			path = TreasureHunt;
			sourceTree = "<group>";
		};
		493CE9B1230D714900E43B35 /* TreasureHuntTests */ = {
			isa = PBXGroup;
			children = (
				493CE9B2230D714900E43B35 /* TreasureHuntTests.swift */,
				493CE9B4230D714900E43B35 /* Info.plist */,
			);
			path = TreasureHuntTests;
			sourceTree = "<group>";
		};
		493CE9BC230D714900E43B35 /* TreasureHuntUITests */ = {
			isa = PBXGroup;
			children = (
				493CE9BD230D714900E43B35 /* TreasureHuntUITests.swift */,
				493CE9BF230D714900E43B35 /* Info.plist */,
			);
			path = TreasureHuntUITests;
			sourceTree = "<group>";
		};
		493CE9CB230D71A000E43B35 /* Resources */ = {
			isa = PBXGroup;
			children = (
				493CE9A4230D714900E43B35 /* Assets.xcassets */,
				493CE9F5230D7AF600E43B35 /* 3DModels */,
				493CE9DB230D742600E43B35 /* Music */,
				493CE9CC230D71B300E43B35 /* Fonts */,
			);
			path = Resources;
			sourceTree = "<group>";
		};
		493CE9CC230D71B300E43B35 /* Fonts */ = {
			isa = PBXGroup;
			children = (
				493CE9CD230D71C400E43B35 /* big_noodle_titling_oblique.ttf */,
				493CE9CE230D71C400E43B35 /* big_noodle_titling.ttf */,
			);
			path = Fonts;
			sourceTree = "<group>";
		};
		493CE9DB230D742600E43B35 /* Music */ = {
			isa = PBXGroup;
			children = (
				493CE9DC230D742600E43B35 /* bensound-sunny.mp3 */,
			);
			path = Music;
			sourceTree = "<group>";
		};
		493CE9F5230D7AF600E43B35 /* 3DModels */ = {
			isa = PBXGroup;
			children = (
				493CE9F6230D7AF600E43B35 /* woodplank 4 baked colourseta.png */,
				493CE9F7230D7AF600E43B35 /* placareal.dae */,
				493CE9F8230D7AF600E43B35 /* xis.scn */,
				493CE9F9230D7AF600E43B35 /* trilhamadeira.scn */,
				493CE9FA230D7AF600E43B35 /* placaleft.scn */,
				493CE9FB230D7AF600E43B35 /* xis-baked.001.png */,
				493CE9FC230D7AF600E43B35 /* torabaked.png */,
				493CE9FD230D7AF600E43B35 /* xis.dae */,
				493CE9FE230D7AF600E43B35 /* placaright.scn */,
				493CE9FF230D7AF600E43B35 /* scroll.scn */,
			);
			path = 3DModels;
			sourceTree = "<group>";
		};
		E6AEE28BA009F837E6A91CD7 /* Frameworks */ = {
			isa = PBXGroup;
			children = (
				D708D2D00F78018919CF46ED /* Pods_TreasureHunt.framework */,
				4A788A7D387B66BE9A8D3A2D /* Pods_TreasureHuntTests.framework */,
				52FB52027F73ADE9FB186BD0 /* Pods_TreasureHuntUITests.framework */,
			);
			name = Frameworks;
			sourceTree = "<group>";
		};
		FDF9FE23F70B4DC9532B7AEB /* Pods */ = {
			isa = PBXGroup;
			children = (
				22575E746C3489F4714F8B23 /* Pods-TreasureHunt.debug.xcconfig */,
				BD1836DD286A8AC92B7AD3DD /* Pods-TreasureHunt.release.xcconfig */,
				C80CB7C5B3B049638BBF1953 /* Pods-TreasureHuntTests.debug.xcconfig */,
				A4B4A3F75F1BA666D29C52D2 /* Pods-TreasureHuntTests.release.xcconfig */,
				9F6A162A96C303EFB83DA9C4 /* Pods-TreasureHuntUITests.debug.xcconfig */,
				A06EBE2303F8678F0B7B31E9 /* Pods-TreasureHuntUITests.release.xcconfig */,
			);
			path = Pods;
			sourceTree = "<group>";
		};
/* End PBXGroup section */

/* Begin PBXNativeTarget section */
		493CE996230D714800E43B35 /* TreasureHunt */ = {
			isa = PBXNativeTarget;
			buildConfigurationList = 493CE9C2230D714900E43B35 /* Build configuration list for PBXNativeTarget "TreasureHunt" */;
			buildPhases = (
				D91356BEF5105C444CB70C99 /* [CP] Check Pods Manifest.lock */,
				493CE993230D714800E43B35 /* Sources */,
				493CE994230D714800E43B35 /* Frameworks */,
				493CE995230D714800E43B35 /* Resources */,
				493CEA0A230D7DF500E43B35 /* ShellScript */,
			);
			buildRules = (
			);
			dependencies = (
			);
			name = TreasureHunt;
			productName = TreasureHunt;
			productReference = 493CE997230D714800E43B35 /* TreasureHunt.app */;
			productType = "com.apple.product-type.application";
		};
		493CE9AD230D714900E43B35 /* TreasureHuntTests */ = {
			isa = PBXNativeTarget;
			buildConfigurationList = 493CE9C5230D714900E43B35 /* Build configuration list for PBXNativeTarget "TreasureHuntTests" */;
			buildPhases = (
				6A3FF1D089A89A17D29C8257 /* [CP] Check Pods Manifest.lock */,
				493CE9AA230D714900E43B35 /* Sources */,
				493CE9AB230D714900E43B35 /* Frameworks */,
				493CE9AC230D714900E43B35 /* Resources */,
			);
			buildRules = (
			);
			dependencies = (
				493CE9B0230D714900E43B35 /* PBXTargetDependency */,
			);
			name = TreasureHuntTests;
			productName = TreasureHuntTests;
			productReference = 493CE9AE230D714900E43B35 /* TreasureHuntTests.xctest */;
			productType = "com.apple.product-type.bundle.unit-test";
		};
		493CE9B8230D714900E43B35 /* TreasureHuntUITests */ = {
			isa = PBXNativeTarget;
			buildConfigurationList = 493CE9C8230D714900E43B35 /* Build configuration list for PBXNativeTarget "TreasureHuntUITests" */;
			buildPhases = (
				537865A6322CA1F93E41F21B /* [CP] Check Pods Manifest.lock */,
				493CE9B5230D714900E43B35 /* Sources */,
				493CE9B6230D714900E43B35 /* Frameworks */,
				493CE9B7230D714900E43B35 /* Resources */,
			);
			buildRules = (
			);
			dependencies = (
				493CE9BB230D714900E43B35 /* PBXTargetDependency */,
			);
			name = TreasureHuntUITests;
			productName = TreasureHuntUITests;
			productReference = 493CE9B9230D714900E43B35 /* TreasureHuntUITests.xctest */;
			productType = "com.apple.product-type.bundle.ui-testing";
		};
/* End PBXNativeTarget section */

/* Begin PBXProject section */
		493CE98F230D714800E43B35 /* Project object */ = {
			isa = PBXProject;
			attributes = {
				LastSwiftUpdateCheck = 1020;
				LastUpgradeCheck = 1020;
				ORGANIZATIONNAME = "Manuella Valença";
				TargetAttributes = {
					493CE996230D714800E43B35 = {
						CreatedOnToolsVersion = 10.2.1;
					};
					493CE9AD230D714900E43B35 = {
						CreatedOnToolsVersion = 10.2.1;
						TestTargetID = 493CE996230D714800E43B35;
					};
					493CE9B8230D714900E43B35 = {
						CreatedOnToolsVersion = 10.2.1;
						TestTargetID = 493CE996230D714800E43B35;
					};
				};
			};
			buildConfigurationList = 493CE992230D714800E43B35 /* Build configuration list for PBXProject "TreasureHunt" */;
			compatibilityVersion = "Xcode 9.3";
			developmentRegion = en;
			hasScannedForEncodings = 0;
			knownRegions = (
				en,
				Base,
			);
			mainGroup = 493CE98E230D714800E43B35;
			productRefGroup = 493CE998230D714800E43B35 /* Products */;
			projectDirPath = "";
			projectRoot = "";
			targets = (
				493CE996230D714800E43B35 /* TreasureHunt */,
				493CE9AD230D714900E43B35 /* TreasureHuntTests */,
				493CE9B8230D714900E43B35 /* TreasureHuntUITests */,
			);
		};
/* End PBXProject section */

/* Begin PBXResourcesBuildPhase section */
		493CE995230D714800E43B35 /* Resources */ = {
			isa = PBXResourcesBuildPhase;
			buildActionMask = 2147483647;
			files = (
				493CEA04230D7AF600E43B35 /* placaleft.scn in Resources */,
				493CE9A5230D714900E43B35 /* Assets.xcassets in Resources */,
				493CEA06230D7AF600E43B35 /* torabaked.png in Resources */,
				493CE9D0230D71CF00E43B35 /* big_noodle_titling.ttf in Resources */,
				493CEA03230D7AF600E43B35 /* trilhamadeira.scn in Resources */,
				493CE9F4230D747C00E43B35 /* Main.storyboard in Resources */,
				493CEA01230D7AF600E43B35 /* placareal.dae in Resources */,
				493CEA02230D7AF600E43B35 /* xis.scn in Resources */,
				493CEA09230D7AF600E43B35 /* scroll.scn in Resources */,
				493CE9DA230D734A00E43B35 /* LaunchScreen.storyboard in Resources */,
				493CEA05230D7AF600E43B35 /* xis-baked.001.png in Resources */,
				493CE9CF230D71CC00E43B35 /* big_noodle_titling_oblique.ttf in Resources */,
				493CE9E8230D742600E43B35 /* bensound-sunny.mp3 in Resources */,
				493CEA00230D7AF600E43B35 /* woodplank 4 baked colourseta.png in Resources */,
				493CEA08230D7AF600E43B35 /* placaright.scn in Resources */,
				493CEA07230D7AF600E43B35 /* xis.dae in Resources */,
			);
			runOnlyForDeploymentPostprocessing = 0;
		};
		493CE9AC230D714900E43B35 /* Resources */ = {
			isa = PBXResourcesBuildPhase;
			buildActionMask = 2147483647;
			files = (
			);
			runOnlyForDeploymentPostprocessing = 0;
		};
		493CE9B7230D714900E43B35 /* Resources */ = {
			isa = PBXResourcesBuildPhase;
			buildActionMask = 2147483647;
			files = (
			);
			runOnlyForDeploymentPostprocessing = 0;
		};
/* End PBXResourcesBuildPhase section */

/* Begin PBXShellScriptBuildPhase section */
		493CEA0A230D7DF500E43B35 /* ShellScript */ = {
			isa = PBXShellScriptBuildPhase;
			buildActionMask = 2147483647;
			files = (
			);
			inputFileListPaths = (
			);
			inputPaths = (
			);
			outputFileListPaths = (
			);
			outputPaths = (
			);
			runOnlyForDeploymentPostprocessing = 0;
			shellPath = /bin/sh;
			shellScript = "${PODS_ROOT}/SwiftLint/swiftlint\n";
		};
		537865A6322CA1F93E41F21B /* [CP] Check Pods Manifest.lock */ = {
			isa = PBXShellScriptBuildPhase;
			buildActionMask = 2147483647;
			files = (
			);
			inputFileListPaths = (
			);
			inputPaths = (
				"${PODS_PODFILE_DIR_PATH}/Podfile.lock",
				"${PODS_ROOT}/Manifest.lock",
			);
			name = "[CP] Check Pods Manifest.lock";
			outputFileListPaths = (
			);
			outputPaths = (
				"$(DERIVED_FILE_DIR)/Pods-TreasureHuntUITests-checkManifestLockResult.txt",
			);
			runOnlyForDeploymentPostprocessing = 0;
			shellPath = /bin/sh;
			shellScript = "diff \"${PODS_PODFILE_DIR_PATH}/Podfile.lock\" \"${PODS_ROOT}/Manifest.lock\" > /dev/null\nif [ $? != 0 ] ; then\n    # print error to STDERR\n    echo \"error: The sandbox is not in sync with the Podfile.lock. Run 'pod install' or update your CocoaPods installation.\" >&2\n    exit 1\nfi\n# This output is used by Xcode 'outputs' to avoid re-running this script phase.\necho \"SUCCESS\" > \"${SCRIPT_OUTPUT_FILE_0}\"\n";
			showEnvVarsInLog = 0;
		};
		6A3FF1D089A89A17D29C8257 /* [CP] Check Pods Manifest.lock */ = {
			isa = PBXShellScriptBuildPhase;
			buildActionMask = 2147483647;
			files = (
			);
			inputFileListPaths = (
			);
			inputPaths = (
				"${PODS_PODFILE_DIR_PATH}/Podfile.lock",
				"${PODS_ROOT}/Manifest.lock",
			);
			name = "[CP] Check Pods Manifest.lock";
			outputFileListPaths = (
			);
			outputPaths = (
				"$(DERIVED_FILE_DIR)/Pods-TreasureHuntTests-checkManifestLockResult.txt",
			);
			runOnlyForDeploymentPostprocessing = 0;
			shellPath = /bin/sh;
			shellScript = "diff \"${PODS_PODFILE_DIR_PATH}/Podfile.lock\" \"${PODS_ROOT}/Manifest.lock\" > /dev/null\nif [ $? != 0 ] ; then\n    # print error to STDERR\n    echo \"error: The sandbox is not in sync with the Podfile.lock. Run 'pod install' or update your CocoaPods installation.\" >&2\n    exit 1\nfi\n# This output is used by Xcode 'outputs' to avoid re-running this script phase.\necho \"SUCCESS\" > \"${SCRIPT_OUTPUT_FILE_0}\"\n";
			showEnvVarsInLog = 0;
		};
		D91356BEF5105C444CB70C99 /* [CP] Check Pods Manifest.lock */ = {
			isa = PBXShellScriptBuildPhase;
			buildActionMask = 2147483647;
			files = (
			);
			inputFileListPaths = (
			);
			inputPaths = (
				"${PODS_PODFILE_DIR_PATH}/Podfile.lock",
				"${PODS_ROOT}/Manifest.lock",
			);
			name = "[CP] Check Pods Manifest.lock";
			outputFileListPaths = (
			);
			outputPaths = (
				"$(DERIVED_FILE_DIR)/Pods-TreasureHunt-checkManifestLockResult.txt",
			);
			runOnlyForDeploymentPostprocessing = 0;
			shellPath = /bin/sh;
			shellScript = "diff \"${PODS_PODFILE_DIR_PATH}/Podfile.lock\" \"${PODS_ROOT}/Manifest.lock\" > /dev/null\nif [ $? != 0 ] ; then\n    # print error to STDERR\n    echo \"error: The sandbox is not in sync with the Podfile.lock. Run 'pod install' or update your CocoaPods installation.\" >&2\n    exit 1\nfi\n# This output is used by Xcode 'outputs' to avoid re-running this script phase.\necho \"SUCCESS\" > \"${SCRIPT_OUTPUT_FILE_0}\"\n";
			showEnvVarsInLog = 0;
		};
/* End PBXShellScriptBuildPhase section */

/* Begin PBXSourcesBuildPhase section */
		493CE993230D714800E43B35 /* Sources */ = {
			isa = PBXSourcesBuildPhase;
			buildActionMask = 2147483647;
			files = (
				4933C1AB2315662600965996 /* AddingTextClue.swift in Sources */,
				493CE9D4230D720300E43B35 /* ARNode.swift in Sources */,
				4933C1A3231558D900965996 /* GameNotStarted.swift in Sources */,
				4933C1A12315579B00965996 /* MappingLost.swift in Sources */,
				493CE99D230D714800E43B35 /* ViewController.swift in Sources */,
				4933C19D231438B600965996 /* HidingTreasure.swift in Sources */,
				4933C19F2314392D00965996 /* LookingForTreasure.swift in Sources */,
				4933C1AF23169E4D00965996 /* NodeType.swift in Sources */,
				4933C1A5231564CC00965996 /* CameraNotAuthorized.swift in Sources */,
				493CE9D2230D71FC00E43B35 /* DistanceService.swift in Sources */,
				4933C1872314214D00965996 /* Constants.swift in Sources */,
				4933C198231437B700965996 /* ARGameSceneView.swift in Sources */,
				4933C1952314349400965996 /* TreasureFound.swift in Sources */,
				493CE99B230D714800E43B35 /* AppDelegate.swift in Sources */,
				4933C1AD2315693700965996 /* TreasureHidden.swift in Sources */,
				4933C1A92315661A00965996 /* AddingSignClue.swift in Sources */,
				4933C1A72315660A00965996 /* AddingTrailClue.swift in Sources */,
				493CE9A3230D714800E43B35 /* TreasureHunt.xcdatamodeld in Sources */,
				4933C1912314271A00965996 /* ARViewController.swift in Sources */,
			);
			runOnlyForDeploymentPostprocessing = 0;
		};
		493CE9AA230D714900E43B35 /* Sources */ = {
			isa = PBXSourcesBuildPhase;
			buildActionMask = 2147483647;
			files = (
				493CE9B3230D714900E43B35 /* TreasureHuntTests.swift in Sources */,
			);
			runOnlyForDeploymentPostprocessing = 0;
		};
		493CE9B5230D714900E43B35 /* Sources */ = {
			isa = PBXSourcesBuildPhase;
			buildActionMask = 2147483647;
			files = (
				493CE9BE230D714900E43B35 /* TreasureHuntUITests.swift in Sources */,
			);
			runOnlyForDeploymentPostprocessing = 0;
		};
/* End PBXSourcesBuildPhase section */

/* Begin PBXTargetDependency section */
		493CE9B0230D714900E43B35 /* PBXTargetDependency */ = {
			isa = PBXTargetDependency;
			target = 493CE996230D714800E43B35 /* TreasureHunt */;
			targetProxy = 493CE9AF230D714900E43B35 /* PBXContainerItemProxy */;
		};
		493CE9BB230D714900E43B35 /* PBXTargetDependency */ = {
			isa = PBXTargetDependency;
			target = 493CE996230D714800E43B35 /* TreasureHunt */;
			targetProxy = 493CE9BA230D714900E43B35 /* PBXContainerItemProxy */;
		};
/* End PBXTargetDependency section */

/* Begin XCBuildConfiguration section */
		493CE9C0230D714900E43B35 /* Debug */ = {
			isa = XCBuildConfiguration;
			buildSettings = {
				ALWAYS_SEARCH_USER_PATHS = NO;
				CLANG_ANALYZER_NONNULL = YES;
				CLANG_ANALYZER_NUMBER_OBJECT_CONVERSION = YES_AGGRESSIVE;
				CLANG_CXX_LANGUAGE_STANDARD = "gnu++14";
				CLANG_CXX_LIBRARY = "libc++";
				CLANG_ENABLE_MODULES = YES;
				CLANG_ENABLE_OBJC_ARC = YES;
				CLANG_ENABLE_OBJC_WEAK = YES;
				CLANG_WARN_BLOCK_CAPTURE_AUTORELEASING = YES;
				CLANG_WARN_BOOL_CONVERSION = YES;
				CLANG_WARN_COMMA = YES;
				CLANG_WARN_CONSTANT_CONVERSION = YES;
				CLANG_WARN_DEPRECATED_OBJC_IMPLEMENTATIONS = YES;
				CLANG_WARN_DIRECT_OBJC_ISA_USAGE = YES_ERROR;
				CLANG_WARN_DOCUMENTATION_COMMENTS = YES;
				CLANG_WARN_EMPTY_BODY = YES;
				CLANG_WARN_ENUM_CONVERSION = YES;
				CLANG_WARN_INFINITE_RECURSION = YES;
				CLANG_WARN_INT_CONVERSION = YES;
				CLANG_WARN_NON_LITERAL_NULL_CONVERSION = YES;
				CLANG_WARN_OBJC_IMPLICIT_RETAIN_SELF = YES;
				CLANG_WARN_OBJC_LITERAL_CONVERSION = YES;
				CLANG_WARN_OBJC_ROOT_CLASS = YES_ERROR;
				CLANG_WARN_RANGE_LOOP_ANALYSIS = YES;
				CLANG_WARN_STRICT_PROTOTYPES = YES;
				CLANG_WARN_SUSPICIOUS_MOVE = YES;
				CLANG_WARN_UNGUARDED_AVAILABILITY = YES_AGGRESSIVE;
				CLANG_WARN_UNREACHABLE_CODE = YES;
				CLANG_WARN__DUPLICATE_METHOD_MATCH = YES;
				CODE_SIGN_IDENTITY = "iPhone Developer";
				COPY_PHASE_STRIP = NO;
				DEBUG_INFORMATION_FORMAT = dwarf;
				ENABLE_STRICT_OBJC_MSGSEND = YES;
				ENABLE_TESTABILITY = YES;
				GCC_C_LANGUAGE_STANDARD = gnu11;
				GCC_DYNAMIC_NO_PIC = NO;
				GCC_NO_COMMON_BLOCKS = YES;
				GCC_OPTIMIZATION_LEVEL = 0;
				GCC_PREPROCESSOR_DEFINITIONS = (
					"DEBUG=1",
					"$(inherited)",
				);
				GCC_WARN_64_TO_32_BIT_CONVERSION = YES;
				GCC_WARN_ABOUT_RETURN_TYPE = YES_ERROR;
				GCC_WARN_UNDECLARED_SELECTOR = YES;
				GCC_WARN_UNINITIALIZED_AUTOS = YES_AGGRESSIVE;
				GCC_WARN_UNUSED_FUNCTION = YES;
				GCC_WARN_UNUSED_VARIABLE = YES;
				IPHONEOS_DEPLOYMENT_TARGET = 12.2;
				MTL_ENABLE_DEBUG_INFO = INCLUDE_SOURCE;
				MTL_FAST_MATH = YES;
				ONLY_ACTIVE_ARCH = YES;
				SDKROOT = iphoneos;
				SWIFT_ACTIVE_COMPILATION_CONDITIONS = DEBUG;
				SWIFT_OPTIMIZATION_LEVEL = "-Onone";
			};
			name = Debug;
		};
		493CE9C1230D714900E43B35 /* Release */ = {
			isa = XCBuildConfiguration;
			buildSettings = {
				ALWAYS_SEARCH_USER_PATHS = NO;
				CLANG_ANALYZER_NONNULL = YES;
				CLANG_ANALYZER_NUMBER_OBJECT_CONVERSION = YES_AGGRESSIVE;
				CLANG_CXX_LANGUAGE_STANDARD = "gnu++14";
				CLANG_CXX_LIBRARY = "libc++";
				CLANG_ENABLE_MODULES = YES;
				CLANG_ENABLE_OBJC_ARC = YES;
				CLANG_ENABLE_OBJC_WEAK = YES;
				CLANG_WARN_BLOCK_CAPTURE_AUTORELEASING = YES;
				CLANG_WARN_BOOL_CONVERSION = YES;
				CLANG_WARN_COMMA = YES;
				CLANG_WARN_CONSTANT_CONVERSION = YES;
				CLANG_WARN_DEPRECATED_OBJC_IMPLEMENTATIONS = YES;
				CLANG_WARN_DIRECT_OBJC_ISA_USAGE = YES_ERROR;
				CLANG_WARN_DOCUMENTATION_COMMENTS = YES;
				CLANG_WARN_EMPTY_BODY = YES;
				CLANG_WARN_ENUM_CONVERSION = YES;
				CLANG_WARN_INFINITE_RECURSION = YES;
				CLANG_WARN_INT_CONVERSION = YES;
				CLANG_WARN_NON_LITERAL_NULL_CONVERSION = YES;
				CLANG_WARN_OBJC_IMPLICIT_RETAIN_SELF = YES;
				CLANG_WARN_OBJC_LITERAL_CONVERSION = YES;
				CLANG_WARN_OBJC_ROOT_CLASS = YES_ERROR;
				CLANG_WARN_RANGE_LOOP_ANALYSIS = YES;
				CLANG_WARN_STRICT_PROTOTYPES = YES;
				CLANG_WARN_SUSPICIOUS_MOVE = YES;
				CLANG_WARN_UNGUARDED_AVAILABILITY = YES_AGGRESSIVE;
				CLANG_WARN_UNREACHABLE_CODE = YES;
				CLANG_WARN__DUPLICATE_METHOD_MATCH = YES;
				CODE_SIGN_IDENTITY = "iPhone Developer";
				COPY_PHASE_STRIP = NO;
				DEBUG_INFORMATION_FORMAT = "dwarf-with-dsym";
				ENABLE_NS_ASSERTIONS = NO;
				ENABLE_STRICT_OBJC_MSGSEND = YES;
				GCC_C_LANGUAGE_STANDARD = gnu11;
				GCC_NO_COMMON_BLOCKS = YES;
				GCC_WARN_64_TO_32_BIT_CONVERSION = YES;
				GCC_WARN_ABOUT_RETURN_TYPE = YES_ERROR;
				GCC_WARN_UNDECLARED_SELECTOR = YES;
				GCC_WARN_UNINITIALIZED_AUTOS = YES_AGGRESSIVE;
				GCC_WARN_UNUSED_FUNCTION = YES;
				GCC_WARN_UNUSED_VARIABLE = YES;
				IPHONEOS_DEPLOYMENT_TARGET = 12.2;
				MTL_ENABLE_DEBUG_INFO = NO;
				MTL_FAST_MATH = YES;
				SDKROOT = iphoneos;
				SWIFT_COMPILATION_MODE = wholemodule;
				SWIFT_OPTIMIZATION_LEVEL = "-O";
				VALIDATE_PRODUCT = YES;
			};
			name = Release;
		};
		493CE9C3230D714900E43B35 /* Debug */ = {
			isa = XCBuildConfiguration;
			baseConfigurationReference = 22575E746C3489F4714F8B23 /* Pods-TreasureHunt.debug.xcconfig */;
			buildSettings = {
				ASSETCATALOG_COMPILER_APPICON_NAME = AppIcon;
				CODE_SIGN_STYLE = Automatic;
				DEVELOPMENT_TEAM = 6M67K4CFU7;
				INFOPLIST_FILE = TreasureHunt/Info.plist;
				LD_RUNPATH_SEARCH_PATHS = (
					"$(inherited)",
					"@executable_path/Frameworks",
				);
				PRODUCT_BUNDLE_IDENTIFIER = br.ufpe.cin.coco.TreasureHunt;
				PRODUCT_NAME = "$(TARGET_NAME)";
				SWIFT_VERSION = 5.0;
				TARGETED_DEVICE_FAMILY = "1,2";
			};
			name = Debug;
		};
		493CE9C4230D714900E43B35 /* Release */ = {
			isa = XCBuildConfiguration;
			baseConfigurationReference = BD1836DD286A8AC92B7AD3DD /* Pods-TreasureHunt.release.xcconfig */;
			buildSettings = {
				ASSETCATALOG_COMPILER_APPICON_NAME = AppIcon;
				CODE_SIGN_STYLE = Automatic;
				DEVELOPMENT_TEAM = 6M67K4CFU7;
				INFOPLIST_FILE = TreasureHunt/Info.plist;
				LD_RUNPATH_SEARCH_PATHS = (
					"$(inherited)",
					"@executable_path/Frameworks",
				);
				PRODUCT_BUNDLE_IDENTIFIER = br.ufpe.cin.coco.TreasureHunt;
				PRODUCT_NAME = "$(TARGET_NAME)";
				SWIFT_VERSION = 5.0;
				TARGETED_DEVICE_FAMILY = "1,2";
			};
			name = Release;
		};
		493CE9C6230D714900E43B35 /* Debug */ = {
			isa = XCBuildConfiguration;
			baseConfigurationReference = C80CB7C5B3B049638BBF1953 /* Pods-TreasureHuntTests.debug.xcconfig */;
			buildSettings = {
				ALWAYS_EMBED_SWIFT_STANDARD_LIBRARIES = YES;
				BUNDLE_LOADER = "$(TEST_HOST)";
				CODE_SIGN_STYLE = Automatic;
				DEVELOPMENT_TEAM = 6M67K4CFU7;
				INFOPLIST_FILE = TreasureHuntTests/Info.plist;
				LD_RUNPATH_SEARCH_PATHS = (
					"$(inherited)",
					"@executable_path/Frameworks",
					"@loader_path/Frameworks",
				);
				PRODUCT_BUNDLE_IDENTIFIER = br.ufpe.cin.coco.TreasureHuntTests;
				PRODUCT_NAME = "$(TARGET_NAME)";
				SWIFT_VERSION = 5.0;
				TARGETED_DEVICE_FAMILY = "1,2";
				TEST_HOST = "$(BUILT_PRODUCTS_DIR)/TreasureHunt.app/TreasureHunt";
			};
			name = Debug;
		};
		493CE9C7230D714900E43B35 /* Release */ = {
			isa = XCBuildConfiguration;
			baseConfigurationReference = A4B4A3F75F1BA666D29C52D2 /* Pods-TreasureHuntTests.release.xcconfig */;
			buildSettings = {
				ALWAYS_EMBED_SWIFT_STANDARD_LIBRARIES = YES;
				BUNDLE_LOADER = "$(TEST_HOST)";
				CODE_SIGN_STYLE = Automatic;
				DEVELOPMENT_TEAM = 6M67K4CFU7;
				INFOPLIST_FILE = TreasureHuntTests/Info.plist;
				LD_RUNPATH_SEARCH_PATHS = (
					"$(inherited)",
					"@executable_path/Frameworks",
					"@loader_path/Frameworks",
				);
				PRODUCT_BUNDLE_IDENTIFIER = br.ufpe.cin.coco.TreasureHuntTests;
				PRODUCT_NAME = "$(TARGET_NAME)";
				SWIFT_VERSION = 5.0;
				TARGETED_DEVICE_FAMILY = "1,2";
				TEST_HOST = "$(BUILT_PRODUCTS_DIR)/TreasureHunt.app/TreasureHunt";
			};
			name = Release;
		};
		493CE9C9230D714900E43B35 /* Debug */ = {
			isa = XCBuildConfiguration;
			baseConfigurationReference = 9F6A162A96C303EFB83DA9C4 /* Pods-TreasureHuntUITests.debug.xcconfig */;
			buildSettings = {
				ALWAYS_EMBED_SWIFT_STANDARD_LIBRARIES = YES;
				CODE_SIGN_STYLE = Automatic;
				DEVELOPMENT_TEAM = 6M67K4CFU7;
				INFOPLIST_FILE = TreasureHuntUITests/Info.plist;
				LD_RUNPATH_SEARCH_PATHS = (
					"$(inherited)",
					"@executable_path/Frameworks",
					"@loader_path/Frameworks",
				);
				PRODUCT_BUNDLE_IDENTIFIER = br.ufpe.cin.coco.TreasureHuntUITests;
				PRODUCT_NAME = "$(TARGET_NAME)";
				SWIFT_VERSION = 5.0;
				TARGETED_DEVICE_FAMILY = "1,2";
				TEST_TARGET_NAME = TreasureHunt;
			};
			name = Debug;
		};
		493CE9CA230D714900E43B35 /* Release */ = {
			isa = XCBuildConfiguration;
			baseConfigurationReference = A06EBE2303F8678F0B7B31E9 /* Pods-TreasureHuntUITests.release.xcconfig */;
			buildSettings = {
				ALWAYS_EMBED_SWIFT_STANDARD_LIBRARIES = YES;
				CODE_SIGN_STYLE = Automatic;
				DEVELOPMENT_TEAM = 6M67K4CFU7;
				INFOPLIST_FILE = TreasureHuntUITests/Info.plist;
				LD_RUNPATH_SEARCH_PATHS = (
					"$(inherited)",
					"@executable_path/Frameworks",
					"@loader_path/Frameworks",
				);
				PRODUCT_BUNDLE_IDENTIFIER = br.ufpe.cin.coco.TreasureHuntUITests;
				PRODUCT_NAME = "$(TARGET_NAME)";
				SWIFT_VERSION = 5.0;
				TARGETED_DEVICE_FAMILY = "1,2";
				TEST_TARGET_NAME = TreasureHunt;
			};
			name = Release;
		};
/* End XCBuildConfiguration section */

/* Begin XCConfigurationList section */
		493CE992230D714800E43B35 /* Build configuration list for PBXProject "TreasureHunt" */ = {
			isa = XCConfigurationList;
			buildConfigurations = (
				493CE9C0230D714900E43B35 /* Debug */,
				493CE9C1230D714900E43B35 /* Release */,
			);
			defaultConfigurationIsVisible = 0;
			defaultConfigurationName = Release;
		};
		493CE9C2230D714900E43B35 /* Build configuration list for PBXNativeTarget "TreasureHunt" */ = {
			isa = XCConfigurationList;
			buildConfigurations = (
				493CE9C3230D714900E43B35 /* Debug */,
				493CE9C4230D714900E43B35 /* Release */,
			);
			defaultConfigurationIsVisible = 0;
			defaultConfigurationName = Release;
		};
		493CE9C5230D714900E43B35 /* Build configuration list for PBXNativeTarget "TreasureHuntTests" */ = {
			isa = XCConfigurationList;
			buildConfigurations = (
				493CE9C6230D714900E43B35 /* Debug */,
				493CE9C7230D714900E43B35 /* Release */,
			);
			defaultConfigurationIsVisible = 0;
			defaultConfigurationName = Release;
		};
		493CE9C8230D714900E43B35 /* Build configuration list for PBXNativeTarget "TreasureHuntUITests" */ = {
			isa = XCConfigurationList;
			buildConfigurations = (
				493CE9C9230D714900E43B35 /* Debug */,
				493CE9CA230D714900E43B35 /* Release */,
			);
			defaultConfigurationIsVisible = 0;
			defaultConfigurationName = Release;
		};
/* End XCConfigurationList section */

/* Begin XCVersionGroup section */
		493CE9A1230D714800E43B35 /* TreasureHunt.xcdatamodeld */ = {
			isa = XCVersionGroup;
			children = (
				493CE9A2230D714800E43B35 /* TreasureHunt.xcdatamodel */,
			);
			currentVersion = 493CE9A2230D714800E43B35 /* TreasureHunt.xcdatamodel */;
			path = TreasureHunt.xcdatamodeld;
			sourceTree = "<group>";
			versionGroupType = wrapper.xcdatamodel;
		};
/* End XCVersionGroup section */
	};
	rootObject = 493CE98F230D714800E43B35 /* Project object */;
}
